
Microsoft Visual Studio Solution File, Format Version 12.00
# Visual Studio Version 16
VisualStudioVersion = 16.0.31410.357
MinimumVisualStudioVersion = 10.0.40219.1
Project("{FAE04EC0-301F-11D3-BF4B-00C04F79EFBC}") = "Regular Expression", "Regular Expression.csproj", "{20C959AB-9983-446F-B601-F5F55451F8BC}"
EndProject
Global
	GlobalSection(SolutionConfigurationPlatforms) = preSolution
		Debug|Any CPU = Debug|Any CPU
		Release|Any CPU = Release|Any CPU
	EndGlobalSection
	GlobalSection(ProjectConfigurationPlatforms) = postSolution
		{20C959AB-9983-446F-B601-F5F55451F8BC}.Debug|Any CPU.ActiveCfg = Debug|Any CPU
		{20C959AB-9983-446F-B601-F5F55451F8BC}.Debug|Any CPU.Build.0 = Debug|Any CPU
		{20C959AB-9983-446F-B601-F5F55451F8BC}.Release|Any CPU.ActiveCfg = Release|Any CPU
		{20C959AB-9983-446F-B601-F5F55451F8BC}.Release|Any CPU.Build.0 = Release|Any CPU
	EndGlobalSection
	GlobalSection(SolutionProperties) = preSolution
		HideSolutionNode = FALSE
	EndGlobalSection
	GlobalSection(ExtensibilityGlobals) = postSolution
		SolutionGuid = {53D2BC1C-E940-4E12-B07D-D0082BB69656}
	EndGlobalSection
EndGlobal
